
Microsoft Visual Studio Solution File, Format Version 12.00
# Visual Studio 15
VisualStudioVersion = 15.0.28010.2016
MinimumVisualStudioVersion = 10.0.40219.1
Project("{FAE04EC0-301F-11D3-BF4B-00C04F79EFBC}") = "MarioKart64", "MarioKart64\MarioKart64.csproj", "{D50BE112-7EC9-4868-919F-2BC6FE6CE645}"
EndProject
Global
	GlobalSection(SolutionConfigurationPlatforms) = preSolution
		Debug|x86 = Debug|x86
		Release|x86 = Release|x86
	EndGlobalSection
	GlobalSection(ProjectConfigurationPlatforms) = postSolution
		{D50BE112-7EC9-4868-919F-2BC6FE6CE645}.Debug|x86.ActiveCfg = Debug|x86
		{D50BE112-7EC9-4868-919F-2BC6FE6CE645}.Debug|x86.Build.0 = Debug|x86
		{D50BE112-7EC9-4868-919F-2BC6FE6CE645}.Release|x86.ActiveCfg = Release|x86
		{D50BE112-7EC9-4868-919F-2BC6FE6CE645}.Release|x86.Build.0 = Release|x86
	EndGlobalSection
	GlobalSection(SolutionProperties) = preSolution
		HideSolutionNode = FALSE
	EndGlobalSection
	GlobalSection(ExtensibilityGlobals) = postSolution
		SolutionGuid = {D6B6EFC8-A34D-419A-B67D-3D2E80801D29}
	EndGlobalSection
EndGlobal
